// !$*UTF8*$!
{
	archiveVersion = 1;
	classes = {
	};
	objectVersion = 46;
	objects = {

/* Begin PBXBuildFile section */
		8DCC12D57E81C85301E44996 /* Pods_SimPwd.framework in Frameworks */ = {isa = PBXBuildFile; fileRef = 780EBE5CDCD2AAA99426088E /* Pods_SimPwd.framework */; };
		8F05D5491EA7B9CA009B1CEF /* AddLoginVC.swift in Sources */ = {isa = PBXBuildFile; fileRef = 8F05D5481EA7B9CA009B1CEF /* AddLoginVC.swift */; };
		8F145C3B1EB2E1A700DB9F5B /* Login.swift in Sources */ = {isa = PBXBuildFile; fileRef = 8F145C3A1EB2E1A700DB9F5B /* Login.swift */; };
		8F145C3E1EB2E88500DB9F5B /* InformationVC.swift in Sources */ = {isa = PBXBuildFile; fileRef = 8F145C3D1EB2E88500DB9F5B /* InformationVC.swift */; };
		8FCAF7581EA6B74300562720 /* MainVC.swift in Sources */ = {isa = PBXBuildFile; fileRef = 8FCAF7571EA6B74300562720 /* MainVC.swift */; };
		8FDA6F351EA6798500FBB400 /* AppDelegate.swift in Sources */ = {isa = PBXBuildFile; fileRef = 8FDA6F341EA6798500FBB400 /* AppDelegate.swift */; };
		8FDA6F371EA6798500FBB400 /* LoginVC.swift in Sources */ = {isa = PBXBuildFile; fileRef = 8FDA6F361EA6798500FBB400 /* LoginVC.swift */; };
		8FDA6F3A1EA6798500FBB400 /* Main.storyboard in Resources */ = {isa = PBXBuildFile; fileRef = 8FDA6F381EA6798500FBB400 /* Main.storyboard */; settings = {ASSET_TAGS = (1, 2, ); }; };
		8FDA6F3D1EA6798500FBB400 /* SimPwd.xcdatamodeld in Sources */ = {isa = PBXBuildFile; fileRef = 8FDA6F3B1EA6798500FBB400 /* SimPwd.xcdatamodeld */; };
		8FDA6F3F1EA6798500FBB400 /* Assets.xcassets in Resources */ = {isa = PBXBuildFile; fileRef = 8FDA6F3E1EA6798500FBB400 /* Assets.xcassets */; };
		8FDA6F421EA6798500FBB400 /* LaunchScreen.storyboard in Resources */ = {isa = PBXBuildFile; fileRef = 8FDA6F401EA6798500FBB400 /* LaunchScreen.storyboard */; };
/* End PBXBuildFile section */

/* Begin PBXCopyFilesBuildPhase section */
		8FCAF7541EA6834C00562720 /* Copy Frameworks */ = {
			isa = PBXCopyFilesBuildPhase;
			buildActionMask = 2147483647;
			dstPath = "";
			dstSubfolderSpec = 10;
			files = (
			);
			name = "Copy Frameworks";
			runOnlyForDeploymentPostprocessing = 0;
		};
/* End PBXCopyFilesBuildPhase section */

/* Begin PBXFileReference section */
		6F8C0A84D869C86004CBDDBD /* Pods-SimPwd.debug.xcconfig */ = {isa = PBXFileReference; includeInIndex = 1; lastKnownFileType = text.xcconfig; name = "Pods-SimPwd.debug.xcconfig"; path = "Pods/Target Support Files/Pods-SimPwd/Pods-SimPwd.debug.xcconfig"; sourceTree = "<group>"; };
		780EBE5CDCD2AAA99426088E /* Pods_SimPwd.framework */ = {isa = PBXFileReference; explicitFileType = wrapper.framework; includeInIndex = 0; path = Pods_SimPwd.framework; sourceTree = BUILT_PRODUCTS_DIR; };
		8EB139B598955031094C5DDD /* Pods-SimPwd.release.xcconfig */ = {isa = PBXFileReference; includeInIndex = 1; lastKnownFileType = text.xcconfig; name = "Pods-SimPwd.release.xcconfig"; path = "Pods/Target Support Files/Pods-SimPwd/Pods-SimPwd.release.xcconfig"; sourceTree = "<group>"; };
		8F05D5481EA7B9CA009B1CEF /* AddLoginVC.swift */ = {isa = PBXFileReference; fileEncoding = 4; lastKnownFileType = sourcecode.swift; path = AddLoginVC.swift; sourceTree = "<group>"; };
		8F145C3A1EB2E1A700DB9F5B /* Login.swift */ = {isa = PBXFileReference; fileEncoding = 4; lastKnownFileType = sourcecode.swift; path = Login.swift; sourceTree = "<group>"; };
		8F145C3D1EB2E88500DB9F5B /* InformationVC.swift */ = {isa = PBXFileReference; fileEncoding = 4; lastKnownFileType = sourcecode.swift; path = InformationVC.swift; sourceTree = "<group>"; };
		8FCAF7571EA6B74300562720 /* MainVC.swift */ = {isa = PBXFileReference; fileEncoding = 4; lastKnownFileType = sourcecode.swift; path = MainVC.swift; sourceTree = "<group>"; };
		8FDA6F311EA6798500FBB400 /* SimPwd.app */ = {isa = PBXFileReference; explicitFileType = wrapper.application; includeInIndex = 0; path = SimPwd.app; sourceTree = BUILT_PRODUCTS_DIR; };
		8FDA6F341EA6798500FBB400 /* AppDelegate.swift */ = {isa = PBXFileReference; lastKnownFileType = sourcecode.swift; path = AppDelegate.swift; sourceTree = "<group>"; };
		8FDA6F361EA6798500FBB400 /* LoginVC.swift */ = {isa = PBXFileReference; lastKnownFileType = sourcecode.swift; path = LoginVC.swift; sourceTree = "<group>"; };
		8FDA6F391EA6798500FBB400 /* Base */ = {isa = PBXFileReference; lastKnownFileType = file.storyboard; name = Base; path = Base.lproj/Main.storyboard; sourceTree = "<group>"; };
		8FDA6F3C1EA6798500FBB400 /* SimPwd.xcdatamodel */ = {isa = PBXFileReference; lastKnownFileType = wrapper.xcdatamodel; path = SimPwd.xcdatamodel; sourceTree = "<group>"; };
		8FDA6F3E1EA6798500FBB400 /* Assets.xcassets */ = {isa = PBXFileReference; lastKnownFileType = folder.assetcatalog; path = Assets.xcassets; sourceTree = "<group>"; };
		8FDA6F411EA6798500FBB400 /* Base */ = {isa = PBXFileReference; lastKnownFileType = file.storyboard; name = Base; path = Base.lproj/LaunchScreen.storyboard; sourceTree = "<group>"; };
		8FDA6F431EA6798500FBB400 /* Info.plist */ = {isa = PBXFileReference; lastKnownFileType = text.plist.xml; path = Info.plist; sourceTree = "<group>"; };
		8FDA6F491EA679B300FBB400 /* SimPwd.entitlements */ = {isa = PBXFileReference; lastKnownFileType = text.plist.entitlements; path = SimPwd.entitlements; sourceTree = "<group>"; };
/* End PBXFileReference section */

/* Begin PBXFrameworksBuildPhase section */
		8FDA6F2E1EA6798500FBB400 /* Frameworks */ = {
			isa = PBXFrameworksBuildPhase;
			buildActionMask = 2147483647;
			files = (
				8DCC12D57E81C85301E44996 /* Pods_SimPwd.framework in Frameworks */,
			);
			runOnlyForDeploymentPostprocessing = 0;
		};
/* End PBXFrameworksBuildPhase section */

/* Begin PBXGroup section */
		8FDA6F281EA6798500FBB400 = {
			isa = PBXGroup;
			children = (
				8FDA6F331EA6798500FBB400 /* SimPwd */,
				8FDA6F321EA6798500FBB400 /* Products */,
				FE1BF6A989DDB2BD531F8E06 /* Pods */,
				DC128BAAC3B802B040076B2C /* Frameworks */,
			);
			sourceTree = "<group>";
		};
		8FDA6F321EA6798500FBB400 /* Products */ = {
			isa = PBXGroup;
			children = (
				8FDA6F311EA6798500FBB400 /* SimPwd.app */,
			);
			name = Products;
			sourceTree = "<group>";
		};
		8FDA6F331EA6798500FBB400 /* SimPwd */ = {
			isa = PBXGroup;
			children = (
				8FDA6F341EA6798500FBB400 /* AppDelegate.swift */,
				8F145C3A1EB2E1A700DB9F5B /* Login.swift */,
				8FDA6F361EA6798500FBB400 /* LoginVC.swift */,
				8FCAF7571EA6B74300562720 /* MainVC.swift */,
				8F05D5481EA7B9CA009B1CEF /* AddLoginVC.swift */,
				8F145C3D1EB2E88500DB9F5B /* InformationVC.swift */,
				8FDA6F381EA6798500FBB400 /* Main.storyboard */,
				8FDA6F401EA6798500FBB400 /* LaunchScreen.storyboard */,
				8FDA6F3E1EA6798500FBB400 /* Assets.xcassets */,
				8FDA6F431EA6798500FBB400 /* Info.plist */,
				8FDA6F491EA679B300FBB400 /* SimPwd.entitlements */,
				8FDA6F3B1EA6798500FBB400 /* SimPwd.xcdatamodeld */,
			);
			path = SimPwd;
			sourceTree = "<group>";
		};
		DC128BAAC3B802B040076B2C /* Frameworks */ = {
			isa = PBXGroup;
			children = (
				780EBE5CDCD2AAA99426088E /* Pods_SimPwd.framework */,
			);
			name = Frameworks;
			sourceTree = "<group>";
		};
		FE1BF6A989DDB2BD531F8E06 /* Pods */ = {
			isa = PBXGroup;
			children = (
				6F8C0A84D869C86004CBDDBD /* Pods-SimPwd.debug.xcconfig */,
				8EB139B598955031094C5DDD /* Pods-SimPwd.release.xcconfig */,
			);
			name = Pods;
			sourceTree = "<group>";
		};
/* End PBXGroup section */

/* Begin PBXNativeTarget section */
		8FDA6F301EA6798500FBB400 /* SimPwd */ = {
			isa = PBXNativeTarget;
			buildConfigurationList = 8FDA6F461EA6798500FBB400 /* Build configuration list for PBXNativeTarget "SimPwd" */;
			buildPhases = (
				B3B44B14D6949598B76FE412 /* [CP] Check Pods Manifest.lock */,
				8FDA6F2D1EA6798500FBB400 /* Sources */,
				8FDA6F2E1EA6798500FBB400 /* Frameworks */,
				8FDA6F2F1EA6798500FBB400 /* Resources */,
				8FCAF7541EA6834C00562720 /* Copy Frameworks */,
				B7B031FA1CD6EE141B9C68BE /* [CP] Embed Pods Frameworks */,
				769948558448D2668AAA78A5 /* [CP] Copy Pods Resources */,
			);
			buildRules = (
			);
			dependencies = (
			);
			name = SimPwd;
			productName = SimPwd;
			productReference = 8FDA6F311EA6798500FBB400 /* SimPwd.app */;
			productType = "com.apple.product-type.application";
		};
/* End PBXNativeTarget section */

/* Begin PBXProject section */
		8FDA6F291EA6798500FBB400 /* Project object */ = {
			isa = PBXProject;
			attributes = {
				KnownAssetTags = (
					1,
					2,
				);
				LastSwiftUpdateCheck = 0830;
				LastUpgradeCheck = 0830;
				ORGANIZATIONNAME = "Jay Ng";
				TargetAttributes = {
					8FDA6F301EA6798500FBB400 = {
						CreatedOnToolsVersion = 8.3;
						DevelopmentTeam = R634NXSNZA;
						ProvisioningStyle = Automatic;
						SystemCapabilities = {
							com.apple.DataProtection = {
								enabled = 1;
							};
						};
					};
				};
			};
			buildConfigurationList = 8FDA6F2C1EA6798500FBB400 /* Build configuration list for PBXProject "SimPwd" */;
			compatibilityVersion = "Xcode 3.2";
			developmentRegion = English;
			hasScannedForEncodings = 0;
			knownRegions = (
				en,
				Base,
			);
			mainGroup = 8FDA6F281EA6798500FBB400;
			productRefGroup = 8FDA6F321EA6798500FBB400 /* Products */;
			projectDirPath = "";
			projectRoot = "";
			targets = (
				8FDA6F301EA6798500FBB400 /* SimPwd */,
			);
		};
/* End PBXProject section */

/* Begin PBXResourcesBuildPhase section */
		8FDA6F2F1EA6798500FBB400 /* Resources */ = {
			isa = PBXResourcesBuildPhase;
			buildActionMask = 2147483647;
			files = (
				8FDA6F421EA6798500FBB400 /* LaunchScreen.storyboard in Resources */,
				8FDA6F3F1EA6798500FBB400 /* Assets.xcassets in Resources */,
				8FDA6F3A1EA6798500FBB400 /* Main.storyboard in Resources */,
			);
			runOnlyForDeploymentPostprocessing = 0;
		};
/* End PBXResourcesBuildPhase section */

/* Begin PBXShellScriptBuildPhase section */
		769948558448D2668AAA78A5 /* [CP] Copy Pods Resources */ = {
			isa = PBXShellScriptBuildPhase;
			buildActionMask = 2147483647;
			files = (
			);
			inputPaths = (
			);
			name = "[CP] Copy Pods Resources";
			outputPaths = (
			);
			runOnlyForDeploymentPostprocessing = 0;
			shellPath = /bin/sh;
			shellScript = "\"${SRCROOT}/Pods/Target Support Files/Pods-SimPwd/Pods-SimPwd-resources.sh\"\n";
			showEnvVarsInLog = 0;
		};
		B3B44B14D6949598B76FE412 /* [CP] Check Pods Manifest.lock */ = {
			isa = PBXShellScriptBuildPhase;
			buildActionMask = 2147483647;
			files = (
			);
			inputPaths = (
			);
			name = "[CP] Check Pods Manifest.lock";
			outputPaths = (
			);
			runOnlyForDeploymentPostprocessing = 0;
			shellPath = /bin/sh;
			shellScript = "diff \"${PODS_PODFILE_DIR_PATH}/Podfile.lock\" \"${PODS_ROOT}/Manifest.lock\" > /dev/null\nif [ $? != 0 ] ; then\n    # print error to STDERR\n    echo \"error: The sandbox is not in sync with the Podfile.lock. Run 'pod install' or update your CocoaPods installation.\" >&2\n    exit 1\nfi\n";
			showEnvVarsInLog = 0;
		};
		B7B031FA1CD6EE141B9C68BE /* [CP] Embed Pods Frameworks */ = {
			isa = PBXShellScriptBuildPhase;
			buildActionMask = 2147483647;
			files = (
			);
			inputPaths = (
			);
			name = "[CP] Embed Pods Frameworks";
			outputPaths = (
			);
			runOnlyForDeploymentPostprocessing = 0;
			shellPath = /bin/sh;
			shellScript = "\"${SRCROOT}/Pods/Target Support Files/Pods-SimPwd/Pods-SimPwd-frameworks.sh\"\n";
			showEnvVarsInLog = 0;
		};
/* End PBXShellScriptBuildPhase section */

/* Begin PBXSourcesBuildPhase section */
		8FDA6F2D1EA6798500FBB400 /* Sources */ = {
			isa = PBXSourcesBuildPhase;
			buildActionMask = 2147483647;
			files = (
				8FDA6F3D1EA6798500FBB400 /* SimPwd.xcdatamodeld in Sources */,
				8FCAF7581EA6B74300562720 /* MainVC.swift in Sources */,
				8FDA6F371EA6798500FBB400 /* LoginVC.swift in Sources */,
				8F145C3B1EB2E1A700DB9F5B /* Login.swift in Sources */,
				8F05D5491EA7B9CA009B1CEF /* AddLoginVC.swift in Sources */,
				8F145C3E1EB2E88500DB9F5B /* InformationVC.swift in Sources */,
				8FDA6F351EA6798500FBB400 /* AppDelegate.swift in Sources */,
			);
			runOnlyForDeploymentPostprocessing = 0;
		};
/* End PBXSourcesBuildPhase section */

/* Begin PBXVariantGroup section */
		8FDA6F381EA6798500FBB400 /* Main.storyboard */ = {
			isa = PBXVariantGroup;
			children = (
				8FDA6F391EA6798500FBB400 /* Base */,
			);
			name = Main.storyboard;
			sourceTree = "<group>";
		};
		8FDA6F401EA6798500FBB400 /* LaunchScreen.storyboard */ = {
			isa = PBXVariantGroup;
			children = (
				8FDA6F411EA6798500FBB400 /* Base */,
			);
			name = LaunchScreen.storyboard;
			sourceTree = "<group>";
		};
/* End PBXVariantGroup section */

/* Begin XCBuildConfiguration section */
		8FDA6F441EA6798500FBB400 /* Debug */ = {
			isa = XCBuildConfiguration;
			buildSettings = {
				ALWAYS_SEARCH_USER_PATHS = NO;
				CLANG_ANALYZER_NONNULL = YES;
				CLANG_ANALYZER_NUMBER_OBJECT_CONVERSION = YES_AGGRESSIVE;
				CLANG_CXX_LANGUAGE_STANDARD = "gnu++0x";
				CLANG_CXX_LIBRARY = "libc++";
				CLANG_ENABLE_MODULES = YES;
				CLANG_ENABLE_OBJC_ARC = YES;
				CLANG_WARN_BOOL_CONVERSION = YES;
				CLANG_WARN_CONSTANT_CONVERSION = YES;
				CLANG_WARN_DIRECT_OBJC_ISA_USAGE = YES_ERROR;
				CLANG_WARN_DOCUMENTATION_COMMENTS = YES;
				CLANG_WARN_EMPTY_BODY = YES;
				CLANG_WARN_ENUM_CONVERSION = YES;
				CLANG_WARN_INFINITE_RECURSION = YES;
				CLANG_WARN_INT_CONVERSION = YES;
				CLANG_WARN_OBJC_ROOT_CLASS = YES_ERROR;
				CLANG_WARN_SUSPICIOUS_MOVE = YES;
				CLANG_WARN_UNREACHABLE_CODE = YES;
				CLANG_WARN__DUPLICATE_METHOD_MATCH = YES;
				"CODE_SIGN_IDENTITY[sdk=iphoneos*]" = "iPhone Developer";
				COPY_PHASE_STRIP = NO;
				DEBUG_INFORMATION_FORMAT = dwarf;
				ENABLE_STRICT_OBJC_MSGSEND = YES;
				ENABLE_TESTABILITY = YES;
				GCC_C_LANGUAGE_STANDARD = gnu99;
				GCC_DYNAMIC_NO_PIC = NO;
				GCC_NO_COMMON_BLOCKS = YES;
				GCC_OPTIMIZATION_LEVEL = 0;
				GCC_PREPROCESSOR_DEFINITIONS = (
					"DEBUG=1",
					"$(inherited)",
				);
				GCC_WARN_64_TO_32_BIT_CONVERSION = YES;
				GCC_WARN_ABOUT_RETURN_TYPE = YES_ERROR;
				GCC_WARN_UNDECLARED_SELECTOR = YES;
				GCC_WARN_UNINITIALIZED_AUTOS = YES_AGGRESSIVE;
				GCC_WARN_UNUSED_FUNCTION = YES;
				GCC_WARN_UNUSED_VARIABLE = YES;
				IPHONEOS_DEPLOYMENT_TARGET = 10.3;
				MTL_ENABLE_DEBUG_INFO = YES;
				ONLY_ACTIVE_ARCH = YES;
				SDKROOT = iphoneos;
				SWIFT_ACTIVE_COMPILATION_CONDITIONS = DEBUG;
				SWIFT_OPTIMIZATION_LEVEL = "-Onone";
			};
			name = Debug;
		};
		8FDA6F451EA6798500FBB400 /* Release */ = {
			isa = XCBuildConfiguration;
			buildSettings = {
				ALWAYS_SEARCH_USER_PATHS = NO;
				CLANG_ANALYZER_NONNULL = YES;
				CLANG_ANALYZER_NUMBER_OBJECT_CONVERSION = YES_AGGRESSIVE;
				CLANG_CXX_LANGUAGE_STANDARD = "gnu++0x";
				CLANG_CXX_LIBRARY = "libc++";
				CLANG_ENABLE_MODULES = YES;
				CLANG_ENABLE_OBJC_ARC = YES;
				CLANG_WARN_BOOL_CONVERSION = YES;
				CLANG_WARN_CONSTANT_CONVERSION = YES;
				CLANG_WARN_DIRECT_OBJC_ISA_USAGE = YES_ERROR;
				CLANG_WARN_DOCUMENTATION_COMMENTS = YES;
				CLANG_WARN_EMPTY_BODY = YES;
				CLANG_WARN_ENUM_CONVERSION = YES;
				CLANG_WARN_INFINITE_RECURSION = YES;
				CLANG_WARN_INT_CONVERSION = YES;
				CLANG_WARN_OBJC_ROOT_CLASS = YES_ERROR;
				CLANG_WARN_SUSPICIOUS_MOVE = YES;
				CLANG_WARN_UNREACHABLE_CODE = YES;
				CLANG_WARN__DUPLICATE_METHOD_MATCH = YES;
				"CODE_SIGN_IDENTITY[sdk=iphoneos*]" = "iPhone Developer";
				COPY_PHASE_STRIP = NO;
				DEBUG_INFORMATION_FORMAT = "dwarf-with-dsym";
				ENABLE_NS_ASSERTIONS = NO;
				ENABLE_STRICT_OBJC_MSGSEND = YES;
				GCC_C_LANGUAGE_STANDARD = gnu99;
				GCC_NO_COMMON_BLOCKS = YES;
				GCC_WARN_64_TO_32_BIT_CONVERSION = YES;
				GCC_WARN_ABOUT_RETURN_TYPE = YES_ERROR;
				GCC_WARN_UNDECLARED_SELECTOR = YES;
				GCC_WARN_UNINITIALIZED_AUTOS = YES_AGGRESSIVE;
				GCC_WARN_UNUSED_FUNCTION = YES;
				GCC_WARN_UNUSED_VARIABLE = YES;
				IPHONEOS_DEPLOYMENT_TARGET = 10.3;
				MTL_ENABLE_DEBUG_INFO = NO;
				SDKROOT = iphoneos;
				SWIFT_OPTIMIZATION_LEVEL = "-Owholemodule";
				VALIDATE_PRODUCT = YES;
			};
			name = Release;
		};
		8FDA6F471EA6798500FBB400 /* Debug */ = {
			isa = XCBuildConfiguration;
			baseConfigurationReference = 6F8C0A84D869C86004CBDDBD /* Pods-SimPwd.debug.xcconfig */;
			buildSettings = {
				ASSETCATALOG_COMPILER_APPICON_NAME = AppIcon;
				CODE_SIGN_ENTITLEMENTS = SimPwd/SimPwd.entitlements;
				DEVELOPMENT_TEAM = R634NXSNZA;
				INFOPLIST_FILE = SimPwd/Info.plist;
				IPHONEOS_DEPLOYMENT_TARGET = 10.0;
				LD_RUNPATH_SEARCH_PATHS = "$(inherited) @executable_path/Frameworks";
				PRODUCT_BUNDLE_IDENTIFIER = me.jayng.SimPwd;
				PRODUCT_NAME = "$(TARGET_NAME)";
				SWIFT_VERSION = 3.0;
			};
			name = Debug;
		};
		8FDA6F481EA6798500FBB400 /* Release */ = {
			isa = XCBuildConfiguration;
			baseConfigurationReference = 8EB139B598955031094C5DDD /* Pods-SimPwd.release.xcconfig */;
			buildSettings = {
				ASSETCATALOG_COMPILER_APPICON_NAME = AppIcon;
				CODE_SIGN_ENTITLEMENTS = SimPwd/SimPwd.entitlements;
				DEVELOPMENT_TEAM = R634NXSNZA;
				INFOPLIST_FILE = SimPwd/Info.plist;
				IPHONEOS_DEPLOYMENT_TARGET = 10.0;
				LD_RUNPATH_SEARCH_PATHS = "$(inherited) @executable_path/Frameworks";
				PRODUCT_BUNDLE_IDENTIFIER = me.jayng.SimPwd;
				PRODUCT_NAME = "$(TARGET_NAME)";
				SWIFT_VERSION = 3.0;
			};
			name = Release;
		};
/* End XCBuildConfiguration section */

/* Begin XCConfigurationList section */
		8FDA6F2C1EA6798500FBB400 /* Build configuration list for PBXProject "SimPwd" */ = {
			isa = XCConfigurationList;
			buildConfigurations = (
				8FDA6F441EA6798500FBB400 /* Debug */,
				8FDA6F451EA6798500FBB400 /* Release */,
			);
			defaultConfigurationIsVisible = 0;
			defaultConfigurationName = Release;
		};
		8FDA6F461EA6798500FBB400 /* Build configuration list for PBXNativeTarget "SimPwd" */ = {
			isa = XCConfigurationList;
			buildConfigurations = (
				8FDA6F471EA6798500FBB400 /* Debug */,
				8FDA6F481EA6798500FBB400 /* Release */,
			);
			defaultConfigurationIsVisible = 0;
			defaultConfigurationName = Release;
		};
/* End XCConfigurationList section */

/* Begin XCVersionGroup section */
		8FDA6F3B1EA6798500FBB400 /* SimPwd.xcdatamodeld */ = {
			isa = XCVersionGroup;
			children = (
				8FDA6F3C1EA6798500FBB400 /* SimPwd.xcdatamodel */,
			);
			currentVersion = 8FDA6F3C1EA6798500FBB400 /* SimPwd.xcdatamodel */;
			path = SimPwd.xcdatamodeld;
			sourceTree = "<group>";
			versionGroupType = wrapper.xcdatamodel;
		};
/* End XCVersionGroup section */
	};
	rootObject = 8FDA6F291EA6798500FBB400 /* Project object */;
}
